
Microsoft Visual Studio Solution File, Format Version 12.00
# Visual Studio 15
VisualStudioVersion = 15.0.28307.1340
MinimumVisualStudioVersion = 10.0.40219.1
Project("{FAE04EC0-301F-11D3-BF4B-00C04F79EFBC}") = "Intv", "Intv\Intv.csproj", "{29BA0690-8C2E-403F-9E83-7AAC906F4B39}"
EndProject
Global
	GlobalSection(SolutionConfigurationPlatforms) = preSolution
		Debug|Any CPU = Debug|Any CPU
		Release|Any CPU = Release|Any CPU
	EndGlobalSection
	GlobalSection(ProjectConfigurationPlatforms) = postSolution
		{29BA0690-8C2E-403F-9E83-7AAC906F4B39}.Debug|Any CPU.ActiveCfg = Debug|Any CPU
		{29BA0690-8C2E-403F-9E83-7AAC906F4B39}.Debug|Any CPU.Build.0 = Debug|Any CPU
		{29BA0690-8C2E-403F-9E83-7AAC906F4B39}.Release|Any CPU.ActiveCfg = Release|Any CPU
		{29BA0690-8C2E-403F-9E83-7AAC906F4B39}.Release|Any CPU.Build.0 = Release|Any CPU
	EndGlobalSection
	GlobalSection(SolutionProperties) = preSolution
		HideSolutionNode = FALSE
	EndGlobalSection
	GlobalSection(ExtensibilityGlobals) = postSolution
		SolutionGuid = {DD146EC6-6B2E-41FF-ACA7-B69247D9F0FF}
	EndGlobalSection
EndGlobal
